// !$*UTF8*$!
{
	archiveVersion = 1;
	classes = {
	};
	objectVersion = 50;
	objects = {

/* Begin PBXBuildFile section */
		8E17E27025D5CA4300EEDB16 /* Common.swift in Sources */ = {isa = PBXBuildFile; fileRef = 8E17E26F25D5CA4300EEDB16 /* Common.swift */; };
		8E17E27825D5D21A00EEDB16 /* UserFormViewTests.swift in Sources */ = {isa = PBXBuildFile; fileRef = 8E17E27725D5D21A00EEDB16 /* UserFormViewTests.swift */; };
		8E17E28025D5D2A700EEDB16 /* MockUserFormView.swift in Sources */ = {isa = PBXBuildFile; fileRef = 8E17E27F25D5D2A700EEDB16 /* MockUserFormView.swift */; };
		8E17E28525D5D32400EEDB16 /* MockUserFormValidator.swift in Sources */ = {isa = PBXBuildFile; fileRef = 8E17E28425D5D32400EEDB16 /* MockUserFormValidator.swift */; };
		8E2E446F25CB362400CED2E6 /* CustomCell.swift in Sources */ = {isa = PBXBuildFile; fileRef = 8E2E446D25CB362400CED2E6 /* CustomCell.swift */; };
		8E2E447025CB362400CED2E6 /* CustomCell.xib in Resources */ = {isa = PBXBuildFile; fileRef = 8E2E446E25CB362400CED2E6 /* CustomCell.xib */; };
		8E2E447E25CB627800CED2E6 /* UserDetailViewController.swift in Sources */ = {isa = PBXBuildFile; fileRef = 8E2E447D25CB627800CED2E6 /* UserDetailViewController.swift */; };
		8E2E448225CB635C00CED2E6 /* UserDetailsViewModel.swift in Sources */ = {isa = PBXBuildFile; fileRef = 8E2E448125CB635C00CED2E6 /* UserDetailsViewModel.swift */; };
		8E42A14C25D418CA00EFD794 /* UserDetailViewTests.swift in Sources */ = {isa = PBXBuildFile; fileRef = 8E42A14B25D418CA00EFD794 /* UserDetailViewTests.swift */; };
		8E42A15625D41A0200EFD794 /* MockUserDetailView.swift in Sources */ = {isa = PBXBuildFile; fileRef = 8E42A15525D41A0200EFD794 /* MockUserDetailView.swift */; };
		8E42B20025D5BA6D00E41CAA /* UserFormModel.swift in Sources */ = {isa = PBXBuildFile; fileRef = 8E42B1FF25D5BA6D00E41CAA /* UserFormModel.swift */; };
		8E558A8C25D42CCF00B33515 /* user.json in Resources */ = {isa = PBXBuildFile; fileRef = 8E558A8B25D42CCF00B33515 /* user.json */; };
		8E558A9625D4361F00B33515 /* UserViewUITests.swift in Sources */ = {isa = PBXBuildFile; fileRef = 8E558A9525D4361F00B33515 /* UserViewUITests.swift */; };
		8E558AA325D448D600B33515 /* UserFormViewController.swift in Sources */ = {isa = PBXBuildFile; fileRef = 8E558AA225D448D600B33515 /* UserFormViewController.swift */; };
		8E737EB925D593E700ABF955 /* UserFormViewModel.swift in Sources */ = {isa = PBXBuildFile; fileRef = 8E737EB825D593E700ABF955 /* UserFormViewModel.swift */; };
		8E737EBE25D597AD00ABF955 /* UserFormValidator.swift in Sources */ = {isa = PBXBuildFile; fileRef = 8E737EBD25D597AD00ABF955 /* UserFormValidator.swift */; };
		8E87EE7425C0946400CE9603 /* UsersViewModel.swift in Sources */ = {isa = PBXBuildFile; fileRef = 8E87EE7325C0946400CE9603 /* UsersViewModel.swift */; };
		8E87EE7825C094FC00CE9603 /* APIManager.swift in Sources */ = {isa = PBXBuildFile; fileRef = 8E87EE7725C094FC00CE9603 /* APIManager.swift */; };
		8EB9F0CD25D34B4C00DA2111 /* MVVMCombineTests.swift in Sources */ = {isa = PBXBuildFile; fileRef = 8EB9F0CC25D34B4C00DA2111 /* MVVMCombineTests.swift */; };
		8EB9F0D825D34BDB00DA2111 /* MockApiManager.swift in Sources */ = {isa = PBXBuildFile; fileRef = 8EB9F0D725D34BDB00DA2111 /* MockApiManager.swift */; };
		8EB9F0E025D34D8200DA2111 /* users.json in Resources */ = {isa = PBXBuildFile; fileRef = 8EB9F0DF25D34D8200DA2111 /* users.json */; };
		8EB9F0ED25D34F0100DA2111 /* UserViewTests.swift in Sources */ = {isa = PBXBuildFile; fileRef = 8EB9F0EC25D34F0100DA2111 /* UserViewTests.swift */; };
		8EFF4B4225C0923200B0216C /* AppDelegate.swift in Sources */ = {isa = PBXBuildFile; fileRef = 8EFF4B4125C0923200B0216C /* AppDelegate.swift */; };
		8EFF4B4425C0923200B0216C /* SceneDelegate.swift in Sources */ = {isa = PBXBuildFile; fileRef = 8EFF4B4325C0923200B0216C /* SceneDelegate.swift */; };
		8EFF4B4625C0923200B0216C /* UsersViewController.swift in Sources */ = {isa = PBXBuildFile; fileRef = 8EFF4B4525C0923200B0216C /* UsersViewController.swift */; };
		8EFF4B4925C0923200B0216C /* Main.storyboard in Resources */ = {isa = PBXBuildFile; fileRef = 8EFF4B4725C0923200B0216C /* Main.storyboard */; };
		8EFF4B4B25C0923500B0216C /* Assets.xcassets in Resources */ = {isa = PBXBuildFile; fileRef = 8EFF4B4A25C0923500B0216C /* Assets.xcassets */; };
		8EFF4B4E25C0923500B0216C /* LaunchScreen.storyboard in Resources */ = {isa = PBXBuildFile; fileRef = 8EFF4B4C25C0923500B0216C /* LaunchScreen.storyboard */; };
		8EFF4B5D25C092B000B0216C /* UserModel.swift in Sources */ = {isa = PBXBuildFile; fileRef = 8EFF4B5C25C092B000B0216C /* UserModel.swift */; };
/* End PBXBuildFile section */

/* Begin PBXContainerItemProxy section */
		8E558A9825D4361F00B33515 /* PBXContainerItemProxy */ = {
			isa = PBXContainerItemProxy;
			containerPortal = 8EFF4B3625C0923200B0216C /* Project object */;
			proxyType = 1;
			remoteGlobalIDString = 8EFF4B3D25C0923200B0216C;
			remoteInfo = MVVMCombine;
		};
		8EB9F0CF25D34B4C00DA2111 /* PBXContainerItemProxy */ = {
			isa = PBXContainerItemProxy;
			containerPortal = 8EFF4B3625C0923200B0216C /* Project object */;
			proxyType = 1;
			remoteGlobalIDString = 8EFF4B3D25C0923200B0216C;
			remoteInfo = MVVMCombine;
		};
/* End PBXContainerItemProxy section */

/* Begin PBXFileReference section */
		8E17E26F25D5CA4300EEDB16 /* Common.swift */ = {isa = PBXFileReference; lastKnownFileType = sourcecode.swift; path = Common.swift; sourceTree = "<group>"; };
		8E17E27725D5D21A00EEDB16 /* UserFormViewTests.swift */ = {isa = PBXFileReference; lastKnownFileType = sourcecode.swift; path = UserFormViewTests.swift; sourceTree = "<group>"; };
		8E17E27F25D5D2A700EEDB16 /* MockUserFormView.swift */ = {isa = PBXFileReference; lastKnownFileType = sourcecode.swift; path = MockUserFormView.swift; sourceTree = "<group>"; };
		8E17E28425D5D32400EEDB16 /* MockUserFormValidator.swift */ = {isa = PBXFileReference; lastKnownFileType = sourcecode.swift; path = MockUserFormValidator.swift; sourceTree = "<group>"; };
		8E2E446D25CB362400CED2E6 /* CustomCell.swift */ = {isa = PBXFileReference; lastKnownFileType = sourcecode.swift; path = CustomCell.swift; sourceTree = "<group>"; };
		8E2E446E25CB362400CED2E6 /* CustomCell.xib */ = {isa = PBXFileReference; lastKnownFileType = file.xib; path = CustomCell.xib; sourceTree = "<group>"; };
		8E2E447D25CB627800CED2E6 /* UserDetailViewController.swift */ = {isa = PBXFileReference; lastKnownFileType = sourcecode.swift; path = UserDetailViewController.swift; sourceTree = "<group>"; };
		8E2E448125CB635C00CED2E6 /* UserDetailsViewModel.swift */ = {isa = PBXFileReference; lastKnownFileType = sourcecode.swift; path = UserDetailsViewModel.swift; sourceTree = "<group>"; };
		8E42A14B25D418CA00EFD794 /* UserDetailViewTests.swift */ = {isa = PBXFileReference; lastKnownFileType = sourcecode.swift; path = UserDetailViewTests.swift; sourceTree = "<group>"; };
		8E42A15525D41A0200EFD794 /* MockUserDetailView.swift */ = {isa = PBXFileReference; lastKnownFileType = sourcecode.swift; path = MockUserDetailView.swift; sourceTree = "<group>"; };
		8E42B1FF25D5BA6D00E41CAA /* UserFormModel.swift */ = {isa = PBXFileReference; lastKnownFileType = sourcecode.swift; path = UserFormModel.swift; sourceTree = "<group>"; };
		8E558A8B25D42CCF00B33515 /* user.json */ = {isa = PBXFileReference; fileEncoding = 4; lastKnownFileType = text.json; path = user.json; sourceTree = "<group>"; };
		8E558A9325D4361F00B33515 /* MVVMCombineUITests.xctest */ = {isa = PBXFileReference; explicitFileType = wrapper.cfbundle; includeInIndex = 0; path = MVVMCombineUITests.xctest; sourceTree = BUILT_PRODUCTS_DIR; };
		8E558A9525D4361F00B33515 /* UserViewUITests.swift */ = {isa = PBXFileReference; lastKnownFileType = sourcecode.swift; path = UserViewUITests.swift; sourceTree = "<group>"; };
		8E558A9725D4361F00B33515 /* Info.plist */ = {isa = PBXFileReference; lastKnownFileType = text.plist.xml; path = Info.plist; sourceTree = "<group>"; };
		8E558AA225D448D600B33515 /* UserFormViewController.swift */ = {isa = PBXFileReference; lastKnownFileType = sourcecode.swift; path = UserFormViewController.swift; sourceTree = "<group>"; };
		8E737EB825D593E700ABF955 /* UserFormViewModel.swift */ = {isa = PBXFileReference; lastKnownFileType = sourcecode.swift; path = UserFormViewModel.swift; sourceTree = "<group>"; };
		8E737EBD25D597AD00ABF955 /* UserFormValidator.swift */ = {isa = PBXFileReference; lastKnownFileType = sourcecode.swift; path = UserFormValidator.swift; sourceTree = "<group>"; };
		8E87EE7325C0946400CE9603 /* UsersViewModel.swift */ = {isa = PBXFileReference; lastKnownFileType = sourcecode.swift; path = UsersViewModel.swift; sourceTree = "<group>"; };
		8E87EE7725C094FC00CE9603 /* APIManager.swift */ = {isa = PBXFileReference; lastKnownFileType = sourcecode.swift; path = APIManager.swift; sourceTree = "<group>"; };
		8EB9F0CA25D34B4C00DA2111 /* MVVMCombineTests.xctest */ = {isa = PBXFileReference; explicitFileType = wrapper.cfbundle; includeInIndex = 0; path = MVVMCombineTests.xctest; sourceTree = BUILT_PRODUCTS_DIR; };
		8EB9F0CC25D34B4C00DA2111 /* MVVMCombineTests.swift */ = {isa = PBXFileReference; lastKnownFileType = sourcecode.swift; path = MVVMCombineTests.swift; sourceTree = "<group>"; };
		8EB9F0CE25D34B4C00DA2111 /* Info.plist */ = {isa = PBXFileReference; lastKnownFileType = text.plist.xml; path = Info.plist; sourceTree = "<group>"; };
		8EB9F0D725D34BDB00DA2111 /* MockApiManager.swift */ = {isa = PBXFileReference; lastKnownFileType = sourcecode.swift; path = MockApiManager.swift; sourceTree = "<group>"; };
		8EB9F0DF25D34D8200DA2111 /* users.json */ = {isa = PBXFileReference; fileEncoding = 4; lastKnownFileType = text.json; name = users.json; path = ../../../../../../Documents/users.json; sourceTree = "<group>"; };
		8EB9F0EC25D34F0100DA2111 /* UserViewTests.swift */ = {isa = PBXFileReference; lastKnownFileType = sourcecode.swift; path = UserViewTests.swift; sourceTree = "<group>"; };
		8EFF4B3E25C0923200B0216C /* MVVMCombine.app */ = {isa = PBXFileReference; explicitFileType = wrapper.application; includeInIndex = 0; path = MVVMCombine.app; sourceTree = BUILT_PRODUCTS_DIR; };
		8EFF4B4125C0923200B0216C /* AppDelegate.swift */ = {isa = PBXFileReference; lastKnownFileType = sourcecode.swift; path = AppDelegate.swift; sourceTree = "<group>"; };
		8EFF4B4325C0923200B0216C /* SceneDelegate.swift */ = {isa = PBXFileReference; lastKnownFileType = sourcecode.swift; path = SceneDelegate.swift; sourceTree = "<group>"; };
		8EFF4B4525C0923200B0216C /* UsersViewController.swift */ = {isa = PBXFileReference; lastKnownFileType = sourcecode.swift; path = UsersViewController.swift; sourceTree = "<group>"; };
		8EFF4B4825C0923200B0216C /* Base */ = {isa = PBXFileReference; lastKnownFileType = file.storyboard; name = Base; path = Base.lproj/Main.storyboard; sourceTree = "<group>"; };
		8EFF4B4A25C0923500B0216C /* Assets.xcassets */ = {isa = PBXFileReference; lastKnownFileType = folder.assetcatalog; path = Assets.xcassets; sourceTree = "<group>"; };
		8EFF4B4D25C0923500B0216C /* Base */ = {isa = PBXFileReference; lastKnownFileType = file.storyboard; name = Base; path = Base.lproj/LaunchScreen.storyboard; sourceTree = "<group>"; };
		8EFF4B4F25C0923500B0216C /* Info.plist */ = {isa = PBXFileReference; lastKnownFileType = text.plist.xml; path = Info.plist; sourceTree = "<group>"; };
		8EFF4B5C25C092B000B0216C /* UserModel.swift */ = {isa = PBXFileReference; lastKnownFileType = sourcecode.swift; path = UserModel.swift; sourceTree = "<group>"; };
/* End PBXFileReference section */

/* Begin PBXFrameworksBuildPhase section */
		8E558A9025D4361F00B33515 /* Frameworks */ = {
			isa = PBXFrameworksBuildPhase;
			buildActionMask = 2147483647;
			files = (
			);
			runOnlyForDeploymentPostprocessing = 0;
		};
		8EB9F0C725D34B4C00DA2111 /* Frameworks */ = {
			isa = PBXFrameworksBuildPhase;
			buildActionMask = 2147483647;
			files = (
			);
			runOnlyForDeploymentPostprocessing = 0;
		};
		8EFF4B3B25C0923200B0216C /* Frameworks */ = {
			isa = PBXFrameworksBuildPhase;
			buildActionMask = 2147483647;
			files = (
			);
			runOnlyForDeploymentPostprocessing = 0;
		};
/* End PBXFrameworksBuildPhase section */

/* Begin PBXGroup section */
		8E0689E625D2C862008C4842 /* User */ = {
			isa = PBXGroup;
			children = (
				8E2E447925CB61D300CED2E6 /* UserDetail */,
				8E558AA025D448B100B33515 /* UserForm */,
				8EFF4B5725C0926200B0216C /* Users */,
			);
			path = User;
			sourceTree = "<group>";
		};
		8E0689E825D2CE98008C4842 /* Model */ = {
			isa = PBXGroup;
			children = (
				8EFF4B5C25C092B000B0216C /* UserModel.swift */,
			);
			path = Model;
			sourceTree = "<group>";
		};
		8E0689E925D2CEA0008C4842 /* Service */ = {
			isa = PBXGroup;
			children = (
			);
			path = Service;
			sourceTree = "<group>";
		};
		8E17E27425D5D1DD00EEDB16 /* UserForm */ = {
			isa = PBXGroup;
			children = (
				8E17E27625D5D1EE00EEDB16 /* Mocks */,
				8E17E27525D5D1E700EEDB16 /* View */,
			);
			path = UserForm;
			sourceTree = "<group>";
		};
		8E17E27525D5D1E700EEDB16 /* View */ = {
			isa = PBXGroup;
			children = (
				8E17E27725D5D21A00EEDB16 /* UserFormViewTests.swift */,
			);
			path = View;
			sourceTree = "<group>";
		};
		8E17E27625D5D1EE00EEDB16 /* Mocks */ = {
			isa = PBXGroup;
			children = (
				8E17E27F25D5D2A700EEDB16 /* MockUserFormView.swift */,
				8E17E28425D5D32400EEDB16 /* MockUserFormValidator.swift */,
			);
			path = Mocks;
			sourceTree = "<group>";
		};
		8E2E446C25CB360600CED2E6 /* Cell */ = {
			isa = PBXGroup;
			children = (
				8E2E446D25CB362400CED2E6 /* CustomCell.swift */,
				8E2E446E25CB362400CED2E6 /* CustomCell.xib */,
			);
			path = Cell;
			sourceTree = "<group>";
		};
		8E2E447725CB60BE00CED2E6 /* Utils */ = {
			isa = PBXGroup;
			children = (
				8EB9F0C425D34A8800DA2111 /* Resources */,
				8E17E26F25D5CA4300EEDB16 /* Common.swift */,
			);
			path = Utils;
			sourceTree = "<group>";
		};
		8E2E447925CB61D300CED2E6 /* UserDetail */ = {
			isa = PBXGroup;
			children = (
				8E2E447C25CB61F300CED2E6 /* Model */,
				8E2E447B25CB61EE00CED2E6 /* ViewModel */,
				8E2E447A25CB61E900CED2E6 /* View */,
			);
			path = UserDetail;
			sourceTree = "<group>";
		};
		8E2E447A25CB61E900CED2E6 /* View */ = {
			isa = PBXGroup;
			children = (
				8E2E447D25CB627800CED2E6 /* UserDetailViewController.swift */,
			);
			path = View;
			sourceTree = "<group>";
		};
		8E2E447B25CB61EE00CED2E6 /* ViewModel */ = {
			isa = PBXGroup;
			children = (
				8E2E448125CB635C00CED2E6 /* UserDetailsViewModel.swift */,
			);
			path = ViewModel;
			sourceTree = "<group>";
		};
		8E2E447C25CB61F300CED2E6 /* Model */ = {
			isa = PBXGroup;
			children = (
			);
			path = Model;
			sourceTree = "<group>";
		};
		8E42A14625D4156000EFD794 /* Mocks */ = {
			isa = PBXGroup;
			children = (
				8E42A15525D41A0200EFD794 /* MockUserDetailView.swift */,
			);
			path = Mocks;
			sourceTree = "<group>";
		};
		8E558A9425D4361F00B33515 /* MVVMCombineUITests */ = {
			isa = PBXGroup;
			children = (
				8E558A9525D4361F00B33515 /* UserViewUITests.swift */,
				8E558A9725D4361F00B33515 /* Info.plist */,
			);
			path = MVVMCombineUITests;
			sourceTree = "<group>";
		};
		8E558AA025D448B100B33515 /* UserForm */ = {
			isa = PBXGroup;
			children = (
				8E737EB725D5918A00ABF955 /* Model */,
				8E558AA125D448C100B33515 /* View */,
				8E737EB625D5918200ABF955 /* ViewModel */,
			);
			path = UserForm;
			sourceTree = "<group>";
		};
		8E558AA125D448C100B33515 /* View */ = {
			isa = PBXGroup;
			children = (
				8E558AA225D448D600B33515 /* UserFormViewController.swift */,
			);
			path = View;
			sourceTree = "<group>";
		};
		8E737EB625D5918200ABF955 /* ViewModel */ = {
			isa = PBXGroup;
			children = (
				8E737EB825D593E700ABF955 /* UserFormViewModel.swift */,
			);
			path = ViewModel;
			sourceTree = "<group>";
		};
		8E737EB725D5918A00ABF955 /* Model */ = {
			isa = PBXGroup;
			children = (
				8E737EBD25D597AD00ABF955 /* UserFormValidator.swift */,
				8E42B1FF25D5BA6D00E41CAA /* UserFormModel.swift */,
			);
			path = Model;
			sourceTree = "<group>";
		};
		8E87EE7625C094E800CE9603 /* APIManager */ = {
			isa = PBXGroup;
			children = (
				8E87EE7725C094FC00CE9603 /* APIManager.swift */,
			);
			path = APIManager;
			sourceTree = "<group>";
		};
		8EB9F0C425D34A8800DA2111 /* Resources */ = {
			isa = PBXGroup;
			children = (
				8E558A8B25D42CCF00B33515 /* user.json */,
				8EB9F0DF25D34D8200DA2111 /* users.json */,
			);
			path = Resources;
			sourceTree = "<group>";
		};
		8EB9F0CB25D34B4C00DA2111 /* MVVMCombineTests */ = {
			isa = PBXGroup;
			children = (
				8EB9F0E325D34E9C00DA2111 /* Networking */,
				8EB9F0D625D34B6300DA2111 /* Users */,
				8EB9F0CC25D34B4C00DA2111 /* MVVMCombineTests.swift */,
				8EB9F0CE25D34B4C00DA2111 /* Info.plist */,
			);
			path = MVVMCombineTests;
			sourceTree = "<group>";
		};
		8EB9F0D625D34B6300DA2111 /* Users */ = {
			isa = PBXGroup;
			children = (
				8E17E27425D5D1DD00EEDB16 /* UserForm */,
				8E42A14625D4156000EFD794 /* Mocks */,
				8EB9F0DD25D34C5F00DA2111 /* View */,
			);
			path = Users;
			sourceTree = "<group>";
		};
		8EB9F0DD25D34C5F00DA2111 /* View */ = {
			isa = PBXGroup;
			children = (
				8EB9F0EC25D34F0100DA2111 /* UserViewTests.swift */,
				8E42A14B25D418CA00EFD794 /* UserDetailViewTests.swift */,
			);
			path = View;
			sourceTree = "<group>";
		};
		8EB9F0E325D34E9C00DA2111 /* Networking */ = {
			isa = PBXGroup;
			children = (
				8EB9F0D725D34BDB00DA2111 /* MockApiManager.swift */,
			);
			path = Networking;
			sourceTree = "<group>";
		};
		8EFF4B3525C0923200B0216C = {
			isa = PBXGroup;
			children = (
				8EFF4B4025C0923200B0216C /* MVVMCombine */,
				8EB9F0CB25D34B4C00DA2111 /* MVVMCombineTests */,
				8E558A9425D4361F00B33515 /* MVVMCombineUITests */,
				8EFF4B3F25C0923200B0216C /* Products */,
			);
			sourceTree = "<group>";
		};
		8EFF4B3F25C0923200B0216C /* Products */ = {
			isa = PBXGroup;
			children = (
				8EFF4B3E25C0923200B0216C /* MVVMCombine.app */,
				8EB9F0CA25D34B4C00DA2111 /* MVVMCombineTests.xctest */,
				8E558A9325D4361F00B33515 /* MVVMCombineUITests.xctest */,
			);
			name = Products;
			sourceTree = "<group>";
		};
		8EFF4B4025C0923200B0216C /* MVVMCombine */ = {
			isa = PBXGroup;
			children = (
				8E0689E625D2C862008C4842 /* User */,
				8E2E447725CB60BE00CED2E6 /* Utils */,
				8E87EE7625C094E800CE9603 /* APIManager */,
				8EFF4B4125C0923200B0216C /* AppDelegate.swift */,
				8EFF4B4325C0923200B0216C /* SceneDelegate.swift */,
				8EFF4B4A25C0923500B0216C /* Assets.xcassets */,
				8EFF4B4C25C0923500B0216C /* LaunchScreen.storyboard */,
				8EFF4B4F25C0923500B0216C /* Info.plist */,
			);
			path = MVVMCombine;
			sourceTree = "<group>";
		};
		8EFF4B5725C0926200B0216C /* Users */ = {
			isa = PBXGroup;
			children = (
				8EFF4B5A25C0928200B0216C /* Domain */,
				8EFF4B5925C0927B00B0216C /* View */,
				8EFF4B5825C0926C00B0216C /* ViewModel */,
			);
			path = Users;
			sourceTree = "<group>";
		};
		8EFF4B5825C0926C00B0216C /* ViewModel */ = {
			isa = PBXGroup;
			children = (
				8E87EE7325C0946400CE9603 /* UsersViewModel.swift */,
			);
			path = ViewModel;
			sourceTree = "<group>";
		};
		8EFF4B5925C0927B00B0216C /* View */ = {
			isa = PBXGroup;
			children = (
				8E2E446C25CB360600CED2E6 /* Cell */,
				8EFF4B4725C0923200B0216C /* Main.storyboard */,
				8EFF4B4525C0923200B0216C /* UsersViewController.swift */,
			);
			path = View;
			sourceTree = "<group>";
		};
		8EFF4B5A25C0928200B0216C /* Domain */ = {
			isa = PBXGroup;
			children = (
				8E0689E925D2CEA0008C4842 /* Service */,
				8E0689E825D2CE98008C4842 /* Model */,
			);
			path = Domain;
			sourceTree = "<group>";
		};
/* End PBXGroup section */

/* Begin PBXNativeTarget section */
		8E558A9225D4361F00B33515 /* MVVMCombineUITests */ = {
			isa = PBXNativeTarget;
			buildConfigurationList = 8E558A9A25D4361F00B33515 /* Build configuration list for PBXNativeTarget "MVVMCombineUITests" */;
			buildPhases = (
				8E558A8F25D4361F00B33515 /* Sources */,
				8E558A9025D4361F00B33515 /* Frameworks */,
				8E558A9125D4361F00B33515 /* Resources */,
			);
			buildRules = (
			);
			dependencies = (
				8E558A9925D4361F00B33515 /* PBXTargetDependency */,
			);
			name = MVVMCombineUITests;
			productName = MVVMCombineUITests;
			productReference = 8E558A9325D4361F00B33515 /* MVVMCombineUITests.xctest */;
			productType = "com.apple.product-type.bundle.ui-testing";
		};
		8EB9F0C925D34B4C00DA2111 /* MVVMCombineTests */ = {
			isa = PBXNativeTarget;
			buildConfigurationList = 8EB9F0D125D34B4C00DA2111 /* Build configuration list for PBXNativeTarget "MVVMCombineTests" */;
			buildPhases = (
				8EB9F0C625D34B4C00DA2111 /* Sources */,
				8EB9F0C725D34B4C00DA2111 /* Frameworks */,
				8EB9F0C825D34B4C00DA2111 /* Resources */,
			);
			buildRules = (
			);
			dependencies = (
				8EB9F0D025D34B4C00DA2111 /* PBXTargetDependency */,
			);
			name = MVVMCombineTests;
			productName = MVVMCombineTests;
			productReference = 8EB9F0CA25D34B4C00DA2111 /* MVVMCombineTests.xctest */;
			productType = "com.apple.product-type.bundle.unit-test";
		};
		8EFF4B3D25C0923200B0216C /* MVVMCombine */ = {
			isa = PBXNativeTarget;
			buildConfigurationList = 8EFF4B5225C0923500B0216C /* Build configuration list for PBXNativeTarget "MVVMCombine" */;
			buildPhases = (
				8EFF4B3A25C0923200B0216C /* Sources */,
				8EFF4B3B25C0923200B0216C /* Frameworks */,
				8EFF4B3C25C0923200B0216C /* Resources */,
			);
			buildRules = (
			);
			dependencies = (
			);
			name = MVVMCombine;
			productName = MVVMCombine;
			productReference = 8EFF4B3E25C0923200B0216C /* MVVMCombine.app */;
			productType = "com.apple.product-type.application";
		};
/* End PBXNativeTarget section */

/* Begin PBXProject section */
		8EFF4B3625C0923200B0216C /* Project object */ = {
			isa = PBXProject;
			attributes = {
				LastSwiftUpdateCheck = 1240;
				LastUpgradeCheck = 1230;
				TargetAttributes = {
					8E558A9225D4361F00B33515 = {
						CreatedOnToolsVersion = 12.4;
						TestTargetID = 8EFF4B3D25C0923200B0216C;
					};
					8EB9F0C925D34B4C00DA2111 = {
						CreatedOnToolsVersion = 12.4;
						TestTargetID = 8EFF4B3D25C0923200B0216C;
					};
					8EFF4B3D25C0923200B0216C = {
						CreatedOnToolsVersion = 12.3;
					};
				};
			};
			buildConfigurationList = 8EFF4B3925C0923200B0216C /* Build configuration list for PBXProject "MVVMCombine" */;
			compatibilityVersion = "Xcode 9.3";
			developmentRegion = en;
			hasScannedForEncodings = 0;
			knownRegions = (
				en,
				Base,
			);
			mainGroup = 8EFF4B3525C0923200B0216C;
			productRefGroup = 8EFF4B3F25C0923200B0216C /* Products */;
			projectDirPath = "";
			projectRoot = "";
			targets = (
				8EFF4B3D25C0923200B0216C /* MVVMCombine */,
				8EB9F0C925D34B4C00DA2111 /* MVVMCombineTests */,
				8E558A9225D4361F00B33515 /* MVVMCombineUITests */,
			);
		};
/* End PBXProject section */

/* Begin PBXResourcesBuildPhase section */
		8E558A9125D4361F00B33515 /* Resources */ = {
			isa = PBXResourcesBuildPhase;
			buildActionMask = 2147483647;
			files = (
			);
			runOnlyForDeploymentPostprocessing = 0;
		};
		8EB9F0C825D34B4C00DA2111 /* Resources */ = {
			isa = PBXResourcesBuildPhase;
			buildActionMask = 2147483647;
			files = (
			);
			runOnlyForDeploymentPostprocessing = 0;
		};
		8EFF4B3C25C0923200B0216C /* Resources */ = {
			isa = PBXResourcesBuildPhase;
			buildActionMask = 2147483647;
			files = (
				8E558A8C25D42CCF00B33515 /* user.json in Resources */,
				8EB9F0E025D34D8200DA2111 /* users.json in Resources */,
				8EFF4B4E25C0923500B0216C /* LaunchScreen.storyboard in Resources */,
				8EFF4B4B25C0923500B0216C /* Assets.xcassets in Resources */,
				8E2E447025CB362400CED2E6 /* CustomCell.xib in Resources */,
				8EFF4B4925C0923200B0216C /* Main.storyboard in Resources */,
			);
			runOnlyForDeploymentPostprocessing = 0;
		};
/* End PBXResourcesBuildPhase section */

/* Begin PBXSourcesBuildPhase section */
		8E558A8F25D4361F00B33515 /* Sources */ = {
			isa = PBXSourcesBuildPhase;
			buildActionMask = 2147483647;
			files = (
				8E558A9625D4361F00B33515 /* UserViewUITests.swift in Sources */,
			);
			runOnlyForDeploymentPostprocessing = 0;
		};
		8EB9F0C625D34B4C00DA2111 /* Sources */ = {
			isa = PBXSourcesBuildPhase;
			buildActionMask = 2147483647;
			files = (
				8E42A14C25D418CA00EFD794 /* UserDetailViewTests.swift in Sources */,
				8E17E28525D5D32400EEDB16 /* MockUserFormValidator.swift in Sources */,
				8E17E28025D5D2A700EEDB16 /* MockUserFormView.swift in Sources */,
				8EB9F0D825D34BDB00DA2111 /* MockApiManager.swift in Sources */,
				8E42A15625D41A0200EFD794 /* MockUserDetailView.swift in Sources */,
				8E17E27825D5D21A00EEDB16 /* UserFormViewTests.swift in Sources */,
				8EB9F0ED25D34F0100DA2111 /* UserViewTests.swift in Sources */,
				8EB9F0CD25D34B4C00DA2111 /* MVVMCombineTests.swift in Sources */,
			);
			runOnlyForDeploymentPostprocessing = 0;
		};
		8EFF4B3A25C0923200B0216C /* Sources */ = {
			isa = PBXSourcesBuildPhase;
			buildActionMask = 2147483647;
			files = (
				8E737EB925D593E700ABF955 /* UserFormViewModel.swift in Sources */,
				8E737EBE25D597AD00ABF955 /* UserFormValidator.swift in Sources */,
				8E87EE7825C094FC00CE9603 /* APIManager.swift in Sources */,
				8EFF4B4625C0923200B0216C /* UsersViewController.swift in Sources */,
				8E2E448225CB635C00CED2E6 /* UserDetailsViewModel.swift in Sources */,
				8E2E447E25CB627800CED2E6 /* UserDetailViewController.swift in Sources */,
				8E17E27025D5CA4300EEDB16 /* Common.swift in Sources */,
				8EFF4B4225C0923200B0216C /* AppDelegate.swift in Sources */,
				8EFF4B5D25C092B000B0216C /* UserModel.swift in Sources */,
				8EFF4B4425C0923200B0216C /* SceneDelegate.swift in Sources */,
				8E2E446F25CB362400CED2E6 /* CustomCell.swift in Sources */,
				8E87EE7425C0946400CE9603 /* UsersViewModel.swift in Sources */,
				8E558AA325D448D600B33515 /* UserFormViewController.swift in Sources */,
				8E42B20025D5BA6D00E41CAA /* UserFormModel.swift in Sources */,
			);
			runOnlyForDeploymentPostprocessing = 0;
		};
/* End PBXSourcesBuildPhase section */

/* Begin PBXTargetDependency section */
		8E558A9925D4361F00B33515 /* PBXTargetDependency */ = {
			isa = PBXTargetDependency;
			target = 8EFF4B3D25C0923200B0216C /* MVVMCombine */;
			targetProxy = 8E558A9825D4361F00B33515 /* PBXContainerItemProxy */;
		};
		8EB9F0D025D34B4C00DA2111 /* PBXTargetDependency */ = {
			isa = PBXTargetDependency;
			target = 8EFF4B3D25C0923200B0216C /* MVVMCombine */;
			targetProxy = 8EB9F0CF25D34B4C00DA2111 /* PBXContainerItemProxy */;
		};
/* End PBXTargetDependency section */

/* Begin PBXVariantGroup section */
		8EFF4B4725C0923200B0216C /* Main.storyboard */ = {
			isa = PBXVariantGroup;
			children = (
				8EFF4B4825C0923200B0216C /* Base */,
			);
			name = Main.storyboard;
			sourceTree = "<group>";
		};
		8EFF4B4C25C0923500B0216C /* LaunchScreen.storyboard */ = {
			isa = PBXVariantGroup;
			children = (
				8EFF4B4D25C0923500B0216C /* Base */,
			);
			name = LaunchScreen.storyboard;
			sourceTree = "<group>";
		};
/* End PBXVariantGroup section */

/* Begin XCBuildConfiguration section */
		8E558A9B25D4361F00B33515 /* Debug */ = {
			isa = XCBuildConfiguration;
			buildSettings = {
				CODE_SIGN_STYLE = Automatic;
				DEVELOPMENT_TEAM = Z6247PH2JQ;
				INFOPLIST_FILE = MVVMCombineUITests/Info.plist;
				IPHONEOS_DEPLOYMENT_TARGET = 14.3;
				LD_RUNPATH_SEARCH_PATHS = (
					"$(inherited)",
					"@executable_path/Frameworks",
					"@loader_path/Frameworks",
				);
				PRODUCT_BUNDLE_IDENTIFIER = "ml-mvvm.MVVMCombineUITests";
				PRODUCT_NAME = "$(TARGET_NAME)";
				SWIFT_VERSION = 5.0;
				TARGETED_DEVICE_FAMILY = "1,2";
				TEST_TARGET_NAME = MVVMCombine;
			};
			name = Debug;
		};
		8E558A9C25D4361F00B33515 /* Release */ = {
			isa = XCBuildConfiguration;
			buildSettings = {
				CODE_SIGN_STYLE = Automatic;
				DEVELOPMENT_TEAM = Z6247PH2JQ;
				INFOPLIST_FILE = MVVMCombineUITests/Info.plist;
				IPHONEOS_DEPLOYMENT_TARGET = 14.3;
				LD_RUNPATH_SEARCH_PATHS = (
					"$(inherited)",
					"@executable_path/Frameworks",
					"@loader_path/Frameworks",
				);
				PRODUCT_BUNDLE_IDENTIFIER = "ml-mvvm.MVVMCombineUITests";
				PRODUCT_NAME = "$(TARGET_NAME)";
				SWIFT_VERSION = 5.0;
				TARGETED_DEVICE_FAMILY = "1,2";
				TEST_TARGET_NAME = MVVMCombine;
			};
			name = Release;
		};
		8EB9F0D225D34B4C00DA2111 /* Debug */ = {
			isa = XCBuildConfiguration;
			buildSettings = {
				BUNDLE_LOADER = "$(TEST_HOST)";
				CODE_SIGN_STYLE = Automatic;
				DEVELOPMENT_TEAM = Z6247PH2JQ;
				INFOPLIST_FILE = MVVMCombineTests/Info.plist;
				IPHONEOS_DEPLOYMENT_TARGET = 14.3;
				LD_RUNPATH_SEARCH_PATHS = (
					"$(inherited)",
					"@executable_path/Frameworks",
					"@loader_path/Frameworks",
				);
				PRODUCT_BUNDLE_IDENTIFIER = "ml-mvvm.MVVMCombineTests";
				PRODUCT_NAME = "$(TARGET_NAME)";
				SWIFT_VERSION = 5.0;
				TARGETED_DEVICE_FAMILY = "1,2";
				TEST_HOST = "$(BUILT_PRODUCTS_DIR)/MVVMCombine.app/MVVMCombine";
			};
			name = Debug;
		};
		8EB9F0D325D34B4C00DA2111 /* Release */ = {
			isa = XCBuildConfiguration;
			buildSettings = {
				BUNDLE_LOADER = "$(TEST_HOST)";
				CODE_SIGN_STYLE = Automatic;
				DEVELOPMENT_TEAM = Z6247PH2JQ;
				INFOPLIST_FILE = MVVMCombineTests/Info.plist;
				IPHONEOS_DEPLOYMENT_TARGET = 14.3;
				LD_RUNPATH_SEARCH_PATHS = (
					"$(inherited)",
					"@executable_path/Frameworks",
					"@loader_path/Frameworks",
				);
				PRODUCT_BUNDLE_IDENTIFIER = "ml-mvvm.MVVMCombineTests";
				PRODUCT_NAME = "$(TARGET_NAME)";
				SWIFT_VERSION = 5.0;
				TARGETED_DEVICE_FAMILY = "1,2";
				TEST_HOST = "$(BUILT_PRODUCTS_DIR)/MVVMCombine.app/MVVMCombine";
			};
			name = Release;
		};
		8EFF4B5025C0923500B0216C /* Debug */ = {
			isa = XCBuildConfiguration;
			buildSettings = {
				ALWAYS_SEARCH_USER_PATHS = NO;
				CLANG_ANALYZER_NONNULL = YES;
				CLANG_ANALYZER_NUMBER_OBJECT_CONVERSION = YES_AGGRESSIVE;
				CLANG_CXX_LANGUAGE_STANDARD = "gnu++14";
				CLANG_CXX_LIBRARY = "libc++";
				CLANG_ENABLE_MODULES = YES;
				CLANG_ENABLE_OBJC_ARC = YES;
				CLANG_ENABLE_OBJC_WEAK = YES;
				CLANG_WARN_BLOCK_CAPTURE_AUTORELEASING = YES;
				CLANG_WARN_BOOL_CONVERSION = YES;
				CLANG_WARN_COMMA = YES;
				CLANG_WARN_CONSTANT_CONVERSION = YES;
				CLANG_WARN_DEPRECATED_OBJC_IMPLEMENTATIONS = YES;
				CLANG_WARN_DIRECT_OBJC_ISA_USAGE = YES_ERROR;
				CLANG_WARN_DOCUMENTATION_COMMENTS = YES;
				CLANG_WARN_EMPTY_BODY = YES;
				CLANG_WARN_ENUM_CONVERSION = YES;
				CLANG_WARN_INFINITE_RECURSION = YES;
				CLANG_WARN_INT_CONVERSION = YES;
				CLANG_WARN_NON_LITERAL_NULL_CONVERSION = YES;
				CLANG_WARN_OBJC_IMPLICIT_RETAIN_SELF = YES;
				CLANG_WARN_OBJC_LITERAL_CONVERSION = YES;
				CLANG_WARN_OBJC_ROOT_CLASS = YES_ERROR;
				CLANG_WARN_QUOTED_INCLUDE_IN_FRAMEWORK_HEADER = YES;
				CLANG_WARN_RANGE_LOOP_ANALYSIS = YES;
				CLANG_WARN_STRICT_PROTOTYPES = YES;
				CLANG_WARN_SUSPICIOUS_MOVE = YES;
				CLANG_WARN_UNGUARDED_AVAILABILITY = YES_AGGRESSIVE;
				CLANG_WARN_UNREACHABLE_CODE = YES;
				CLANG_WARN__DUPLICATE_METHOD_MATCH = YES;
				COPY_PHASE_STRIP = NO;
				DEBUG_INFORMATION_FORMAT = dwarf;
				ENABLE_STRICT_OBJC_MSGSEND = YES;
				ENABLE_TESTABILITY = YES;
				GCC_C_LANGUAGE_STANDARD = gnu11;
				GCC_DYNAMIC_NO_PIC = NO;
				GCC_NO_COMMON_BLOCKS = YES;
				GCC_OPTIMIZATION_LEVEL = 0;
				GCC_PREPROCESSOR_DEFINITIONS = (
					"DEBUG=1",
					"$(inherited)",
				);
				GCC_WARN_64_TO_32_BIT_CONVERSION = YES;
				GCC_WARN_ABOUT_RETURN_TYPE = YES_ERROR;
				GCC_WARN_UNDECLARED_SELECTOR = YES;
				GCC_WARN_UNINITIALIZED_AUTOS = YES_AGGRESSIVE;
				GCC_WARN_UNUSED_FUNCTION = YES;
				GCC_WARN_UNUSED_VARIABLE = YES;
				IPHONEOS_DEPLOYMENT_TARGET = 14.3;
				MTL_ENABLE_DEBUG_INFO = INCLUDE_SOURCE;
				MTL_FAST_MATH = YES;
				ONLY_ACTIVE_ARCH = YES;
				SDKROOT = iphoneos;
				SWIFT_ACTIVE_COMPILATION_CONDITIONS = DEBUG;
				SWIFT_OPTIMIZATION_LEVEL = "-Onone";
			};
			name = Debug;
		};
		8EFF4B5125C0923500B0216C /* Release */ = {
			isa = XCBuildConfiguration;
			buildSettings = {
				ALWAYS_SEARCH_USER_PATHS = NO;
				CLANG_ANALYZER_NONNULL = YES;
				CLANG_ANALYZER_NUMBER_OBJECT_CONVERSION = YES_AGGRESSIVE;
				CLANG_CXX_LANGUAGE_STANDARD = "gnu++14";
				CLANG_CXX_LIBRARY = "libc++";
				CLANG_ENABLE_MODULES = YES;
				CLANG_ENABLE_OBJC_ARC = YES;
				CLANG_ENABLE_OBJC_WEAK = YES;
				CLANG_WARN_BLOCK_CAPTURE_AUTORELEASING = YES;
				CLANG_WARN_BOOL_CONVERSION = YES;
				CLANG_WARN_COMMA = YES;
				CLANG_WARN_CONSTANT_CONVERSION = YES;
				CLANG_WARN_DEPRECATED_OBJC_IMPLEMENTATIONS = YES;
				CLANG_WARN_DIRECT_OBJC_ISA_USAGE = YES_ERROR;
				CLANG_WARN_DOCUMENTATION_COMMENTS = YES;
				CLANG_WARN_EMPTY_BODY = YES;
				CLANG_WARN_ENUM_CONVERSION = YES;
				CLANG_WARN_INFINITE_RECURSION = YES;
				CLANG_WARN_INT_CONVERSION = YES;
				CLANG_WARN_NON_LITERAL_NULL_CONVERSION = YES;
				CLANG_WARN_OBJC_IMPLICIT_RETAIN_SELF = YES;
				CLANG_WARN_OBJC_LITERAL_CONVERSION = YES;
				CLANG_WARN_OBJC_ROOT_CLASS = YES_ERROR;
				CLANG_WARN_QUOTED_INCLUDE_IN_FRAMEWORK_HEADER = YES;
				CLANG_WARN_RANGE_LOOP_ANALYSIS = YES;
				CLANG_WARN_STRICT_PROTOTYPES = YES;
				CLANG_WARN_SUSPICIOUS_MOVE = YES;
				CLANG_WARN_UNGUARDED_AVAILABILITY = YES_AGGRESSIVE;
				CLANG_WARN_UNREACHABLE_CODE = YES;
				CLANG_WARN__DUPLICATE_METHOD_MATCH = YES;
				COPY_PHASE_STRIP = NO;
				DEBUG_INFORMATION_FORMAT = "dwarf-with-dsym";
				ENABLE_NS_ASSERTIONS = NO;
				ENABLE_STRICT_OBJC_MSGSEND = YES;
				GCC_C_LANGUAGE_STANDARD = gnu11;
				GCC_NO_COMMON_BLOCKS = YES;
				GCC_WARN_64_TO_32_BIT_CONVERSION = YES;
				GCC_WARN_ABOUT_RETURN_TYPE = YES_ERROR;
				GCC_WARN_UNDECLARED_SELECTOR = YES;
				GCC_WARN_UNINITIALIZED_AUTOS = YES_AGGRESSIVE;
				GCC_WARN_UNUSED_FUNCTION = YES;
				GCC_WARN_UNUSED_VARIABLE = YES;
				IPHONEOS_DEPLOYMENT_TARGET = 14.3;
				MTL_ENABLE_DEBUG_INFO = NO;
				MTL_FAST_MATH = YES;
				SDKROOT = iphoneos;
				SWIFT_COMPILATION_MODE = wholemodule;
				SWIFT_OPTIMIZATION_LEVEL = "-O";
				VALIDATE_PRODUCT = YES;
			};
			name = Release;
		};
		8EFF4B5325C0923500B0216C /* Debug */ = {
			isa = XCBuildConfiguration;
			buildSettings = {
				ASSETCATALOG_COMPILER_APPICON_NAME = AppIcon;
				ASSETCATALOG_COMPILER_GLOBAL_ACCENT_COLOR_NAME = AccentColor;
				CODE_SIGN_STYLE = Automatic;
				DEVELOPMENT_TEAM = Z6247PH2JQ;
				INFOPLIST_FILE = MVVMCombine/Info.plist;
				LD_RUNPATH_SEARCH_PATHS = (
					"$(inherited)",
					"@executable_path/Frameworks",
				);
				PRODUCT_BUNDLE_IDENTIFIER = com.victor.tests.MVVMCombine;
				PRODUCT_NAME = "$(TARGET_NAME)";
				SWIFT_VERSION = 5.0;
				TARGETED_DEVICE_FAMILY = 1;
			};
			name = Debug;
		};
		8EFF4B5425C0923500B0216C /* Release */ = {
			isa = XCBuildConfiguration;
			buildSettings = {
				ASSETCATALOG_COMPILER_APPICON_NAME = AppIcon;
				ASSETCATALOG_COMPILER_GLOBAL_ACCENT_COLOR_NAME = AccentColor;
				CODE_SIGN_STYLE = Automatic;
				DEVELOPMENT_TEAM = Z6247PH2JQ;
				INFOPLIST_FILE = MVVMCombine/Info.plist;
				LD_RUNPATH_SEARCH_PATHS = (
					"$(inherited)",
					"@executable_path/Frameworks",
				);
				PRODUCT_BUNDLE_IDENTIFIER = com.victor.tests.MVVMCombine;
				PRODUCT_NAME = "$(TARGET_NAME)";
				SWIFT_VERSION = 5.0;
				TARGETED_DEVICE_FAMILY = 1;
			};
			name = Release;
		};
/* End XCBuildConfiguration section */

/* Begin XCConfigurationList section */
		8E558A9A25D4361F00B33515 /* Build configuration list for PBXNativeTarget "MVVMCombineUITests" */ = {
			isa = XCConfigurationList;
			buildConfigurations = (
				8E558A9B25D4361F00B33515 /* Debug */,
				8E558A9C25D4361F00B33515 /* Release */,
			);
			defaultConfigurationIsVisible = 0;
			defaultConfigurationName = Release;
		};
		8EB9F0D125D34B4C00DA2111 /* Build configuration list for PBXNativeTarget "MVVMCombineTests" */ = {
			isa = XCConfigurationList;
			buildConfigurations = (
				8EB9F0D225D34B4C00DA2111 /* Debug */,
				8EB9F0D325D34B4C00DA2111 /* Release */,
			);
			defaultConfigurationIsVisible = 0;
			defaultConfigurationName = Release;
		};
		8EFF4B3925C0923200B0216C /* Build configuration list for PBXProject "MVVMCombine" */ = {
			isa = XCConfigurationList;
			buildConfigurations = (
				8EFF4B5025C0923500B0216C /* Debug */,
				8EFF4B5125C0923500B0216C /* Release */,
			);
			defaultConfigurationIsVisible = 0;
			defaultConfigurationName = Release;
		};
		8EFF4B5225C0923500B0216C /* Build configuration list for PBXNativeTarget "MVVMCombine" */ = {
			isa = XCConfigurationList;
			buildConfigurations = (
				8EFF4B5325C0923500B0216C /* Debug */,
				8EFF4B5425C0923500B0216C /* Release */,
			);
			defaultConfigurationIsVisible = 0;
			defaultConfigurationName = Release;
		};
/* End XCConfigurationList section */
	};
	rootObject = 8EFF4B3625C0923200B0216C /* Project object */;
}
