// !$*UTF8*$!
{
	archiveVersion = 1;
	classes = {
	};
	objectVersion = 50;
	objects = {

/* Begin PBXBuildFile section */
		8E2E446F25CB362400CED2E6 /* CustomCell.swift in Sources */ = {isa = PBXBuildFile; fileRef = 8E2E446D25CB362400CED2E6 /* CustomCell.swift */; };
		8E2E447025CB362400CED2E6 /* CustomCell.xib in Resources */ = {isa = PBXBuildFile; fileRef = 8E2E446E25CB362400CED2E6 /* CustomCell.xib */; };
		8E2E447E25CB627800CED2E6 /* UserDetailViewController.swift in Sources */ = {isa = PBXBuildFile; fileRef = 8E2E447D25CB627800CED2E6 /* UserDetailViewController.swift */; };
		8E2E448225CB635C00CED2E6 /* UserDetailsViewModel.swift in Sources */ = {isa = PBXBuildFile; fileRef = 8E2E448125CB635C00CED2E6 /* UserDetailsViewModel.swift */; };
		8E87EE7425C0946400CE9603 /* UsersViewModel.swift in Sources */ = {isa = PBXBuildFile; fileRef = 8E87EE7325C0946400CE9603 /* UsersViewModel.swift */; };
		8E87EE7825C094FC00CE9603 /* APIManager.swift in Sources */ = {isa = PBXBuildFile; fileRef = 8E87EE7725C094FC00CE9603 /* APIManager.swift */; };
		8EFF4B4225C0923200B0216C /* AppDelegate.swift in Sources */ = {isa = PBXBuildFile; fileRef = 8EFF4B4125C0923200B0216C /* AppDelegate.swift */; };
		8EFF4B4425C0923200B0216C /* SceneDelegate.swift in Sources */ = {isa = PBXBuildFile; fileRef = 8EFF4B4325C0923200B0216C /* SceneDelegate.swift */; };
		8EFF4B4625C0923200B0216C /* UsersViewController.swift in Sources */ = {isa = PBXBuildFile; fileRef = 8EFF4B4525C0923200B0216C /* UsersViewController.swift */; };
		8EFF4B4925C0923200B0216C /* Main.storyboard in Resources */ = {isa = PBXBuildFile; fileRef = 8EFF4B4725C0923200B0216C /* Main.storyboard */; };
		8EFF4B4B25C0923500B0216C /* Assets.xcassets in Resources */ = {isa = PBXBuildFile; fileRef = 8EFF4B4A25C0923500B0216C /* Assets.xcassets */; };
		8EFF4B4E25C0923500B0216C /* LaunchScreen.storyboard in Resources */ = {isa = PBXBuildFile; fileRef = 8EFF4B4C25C0923500B0216C /* LaunchScreen.storyboard */; };
		8EFF4B5D25C092B000B0216C /* UserModel.swift in Sources */ = {isa = PBXBuildFile; fileRef = 8EFF4B5C25C092B000B0216C /* UserModel.swift */; };
/* End PBXBuildFile section */

/* Begin PBXFileReference section */
		8E2E446D25CB362400CED2E6 /* CustomCell.swift */ = {isa = PBXFileReference; lastKnownFileType = sourcecode.swift; path = CustomCell.swift; sourceTree = "<group>"; };
		8E2E446E25CB362400CED2E6 /* CustomCell.xib */ = {isa = PBXFileReference; lastKnownFileType = file.xib; path = CustomCell.xib; sourceTree = "<group>"; };
		8E2E447D25CB627800CED2E6 /* UserDetailViewController.swift */ = {isa = PBXFileReference; lastKnownFileType = sourcecode.swift; path = UserDetailViewController.swift; sourceTree = "<group>"; };
		8E2E448125CB635C00CED2E6 /* UserDetailsViewModel.swift */ = {isa = PBXFileReference; lastKnownFileType = sourcecode.swift; path = UserDetailsViewModel.swift; sourceTree = "<group>"; };
		8E87EE7325C0946400CE9603 /* UsersViewModel.swift */ = {isa = PBXFileReference; lastKnownFileType = sourcecode.swift; path = UsersViewModel.swift; sourceTree = "<group>"; };
		8E87EE7725C094FC00CE9603 /* APIManager.swift */ = {isa = PBXFileReference; lastKnownFileType = sourcecode.swift; path = APIManager.swift; sourceTree = "<group>"; };
		8EFF4B3E25C0923200B0216C /* MVVMCombine.app */ = {isa = PBXFileReference; explicitFileType = wrapper.application; includeInIndex = 0; path = MVVMCombine.app; sourceTree = BUILT_PRODUCTS_DIR; };
		8EFF4B4125C0923200B0216C /* AppDelegate.swift */ = {isa = PBXFileReference; lastKnownFileType = sourcecode.swift; path = AppDelegate.swift; sourceTree = "<group>"; };
		8EFF4B4325C0923200B0216C /* SceneDelegate.swift */ = {isa = PBXFileReference; lastKnownFileType = sourcecode.swift; path = SceneDelegate.swift; sourceTree = "<group>"; };
		8EFF4B4525C0923200B0216C /* UsersViewController.swift */ = {isa = PBXFileReference; lastKnownFileType = sourcecode.swift; path = UsersViewController.swift; sourceTree = "<group>"; };
		8EFF4B4825C0923200B0216C /* Base */ = {isa = PBXFileReference; lastKnownFileType = file.storyboard; name = Base; path = Base.lproj/Main.storyboard; sourceTree = "<group>"; };
		8EFF4B4A25C0923500B0216C /* Assets.xcassets */ = {isa = PBXFileReference; lastKnownFileType = folder.assetcatalog; path = Assets.xcassets; sourceTree = "<group>"; };
		8EFF4B4D25C0923500B0216C /* Base */ = {isa = PBXFileReference; lastKnownFileType = file.storyboard; name = Base; path = Base.lproj/LaunchScreen.storyboard; sourceTree = "<group>"; };
		8EFF4B4F25C0923500B0216C /* Info.plist */ = {isa = PBXFileReference; lastKnownFileType = text.plist.xml; path = Info.plist; sourceTree = "<group>"; };
		8EFF4B5C25C092B000B0216C /* UserModel.swift */ = {isa = PBXFileReference; lastKnownFileType = sourcecode.swift; path = UserModel.swift; sourceTree = "<group>"; };
/* End PBXFileReference section */

/* Begin PBXFrameworksBuildPhase section */
		8EFF4B3B25C0923200B0216C /* Frameworks */ = {
			isa = PBXFrameworksBuildPhase;
			buildActionMask = 2147483647;
			files = (
			);
			runOnlyForDeploymentPostprocessing = 0;
		};
/* End PBXFrameworksBuildPhase section */

/* Begin PBXGroup section */
		8E0689E625D2C862008C4842 /* User */ = {
			isa = PBXGroup;
			children = (
				8EFF4B5725C0926200B0216C /* Users */,
				8E2E447925CB61D300CED2E6 /* UserDetail */,
			);
			path = User;
			sourceTree = "<group>";
		};
		8E0689E825D2CE98008C4842 /* Model */ = {
			isa = PBXGroup;
			children = (
				8EFF4B5C25C092B000B0216C /* UserModel.swift */,
			);
			path = Model;
			sourceTree = "<group>";
		};
		8E0689E925D2CEA0008C4842 /* Service */ = {
			isa = PBXGroup;
			children = (
			);
			path = Service;
			sourceTree = "<group>";
		};
		8E2E446C25CB360600CED2E6 /* Cell */ = {
			isa = PBXGroup;
			children = (
				8E2E446D25CB362400CED2E6 /* CustomCell.swift */,
				8E2E446E25CB362400CED2E6 /* CustomCell.xib */,
			);
			path = Cell;
			sourceTree = "<group>";
		};
		8E2E447725CB60BE00CED2E6 /* Utils */ = {
			isa = PBXGroup;
			children = (
			);
			path = Utils;
			sourceTree = "<group>";
		};
		8E2E447925CB61D300CED2E6 /* UserDetail */ = {
			isa = PBXGroup;
			children = (
				8E2E447C25CB61F300CED2E6 /* Model */,
				8E2E447B25CB61EE00CED2E6 /* ViewModel */,
				8E2E447A25CB61E900CED2E6 /* View */,
			);
			path = UserDetail;
			sourceTree = "<group>";
		};
		8E2E447A25CB61E900CED2E6 /* View */ = {
			isa = PBXGroup;
			children = (
				8E2E447D25CB627800CED2E6 /* UserDetailViewController.swift */,
			);
			path = View;
			sourceTree = "<group>";
		};
		8E2E447B25CB61EE00CED2E6 /* ViewModel */ = {
			isa = PBXGroup;
			children = (
				8E2E448125CB635C00CED2E6 /* UserDetailsViewModel.swift */,
			);
			path = ViewModel;
			sourceTree = "<group>";
		};
		8E2E447C25CB61F300CED2E6 /* Model */ = {
			isa = PBXGroup;
			children = (
			);
			path = Model;
			sourceTree = "<group>";
		};
		8E87EE7625C094E800CE9603 /* APIManager */ = {
			isa = PBXGroup;
			children = (
				8E87EE7725C094FC00CE9603 /* APIManager.swift */,
			);
			path = APIManager;
			sourceTree = "<group>";
		};
		8EFF4B3525C0923200B0216C = {
			isa = PBXGroup;
			children = (
				8EFF4B4025C0923200B0216C /* MVVMCombine */,
				8EFF4B3F25C0923200B0216C /* Products */,
			);
			sourceTree = "<group>";
		};
		8EFF4B3F25C0923200B0216C /* Products */ = {
			isa = PBXGroup;
			children = (
				8EFF4B3E25C0923200B0216C /* MVVMCombine.app */,
			);
			name = Products;
			sourceTree = "<group>";
		};
		8EFF4B4025C0923200B0216C /* MVVMCombine */ = {
			isa = PBXGroup;
			children = (
				8E0689E625D2C862008C4842 /* User */,
				8E2E447725CB60BE00CED2E6 /* Utils */,
				8E87EE7625C094E800CE9603 /* APIManager */,
				8EFF4B4125C0923200B0216C /* AppDelegate.swift */,
				8EFF4B4325C0923200B0216C /* SceneDelegate.swift */,
				8EFF4B4A25C0923500B0216C /* Assets.xcassets */,
				8EFF4B4C25C0923500B0216C /* LaunchScreen.storyboard */,
				8EFF4B4F25C0923500B0216C /* Info.plist */,
			);
			path = MVVMCombine;
			sourceTree = "<group>";
		};
		8EFF4B5725C0926200B0216C /* Users */ = {
			isa = PBXGroup;
			children = (
				8EFF4B5A25C0928200B0216C /* Domain */,
				8EFF4B5925C0927B00B0216C /* View */,
				8EFF4B5825C0926C00B0216C /* ViewModel */,
			);
			path = Users;
			sourceTree = "<group>";
		};
		8EFF4B5825C0926C00B0216C /* ViewModel */ = {
			isa = PBXGroup;
			children = (
				8E87EE7325C0946400CE9603 /* UsersViewModel.swift */,
			);
			path = ViewModel;
			sourceTree = "<group>";
		};
		8EFF4B5925C0927B00B0216C /* View */ = {
			isa = PBXGroup;
			children = (
				8E2E446C25CB360600CED2E6 /* Cell */,
				8EFF4B4725C0923200B0216C /* Main.storyboard */,
				8EFF4B4525C0923200B0216C /* UsersViewController.swift */,
			);
			path = View;
			sourceTree = "<group>";
		};
		8EFF4B5A25C0928200B0216C /* Domain */ = {
			isa = PBXGroup;
			children = (
				8E0689E925D2CEA0008C4842 /* Service */,
				8E0689E825D2CE98008C4842 /* Model */,
			);
			path = Domain;
			sourceTree = "<group>";
		};
/* End PBXGroup section */

/* Begin PBXNativeTarget section */
		8EFF4B3D25C0923200B0216C /* MVVMCombine */ = {
			isa = PBXNativeTarget;
			buildConfigurationList = 8EFF4B5225C0923500B0216C /* Build configuration list for PBXNativeTarget "MVVMCombine" */;
			buildPhases = (
				8EFF4B3A25C0923200B0216C /* Sources */,
				8EFF4B3B25C0923200B0216C /* Frameworks */,
				8EFF4B3C25C0923200B0216C /* Resources */,
			);
			buildRules = (
			);
			dependencies = (
			);
			name = MVVMCombine;
			productName = MVVMCombine;
			productReference = 8EFF4B3E25C0923200B0216C /* MVVMCombine.app */;
			productType = "com.apple.product-type.application";
		};
/* End PBXNativeTarget section */

/* Begin PBXProject section */
		8EFF4B3625C0923200B0216C /* Project object */ = {
			isa = PBXProject;
			attributes = {
				LastSwiftUpdateCheck = 1230;
				LastUpgradeCheck = 1230;
				TargetAttributes = {
					8EFF4B3D25C0923200B0216C = {
						CreatedOnToolsVersion = 12.3;
					};
				};
			};
			buildConfigurationList = 8EFF4B3925C0923200B0216C /* Build configuration list for PBXProject "MVVMCombine" */;
			compatibilityVersion = "Xcode 9.3";
			developmentRegion = en;
			hasScannedForEncodings = 0;
			knownRegions = (
				en,
				Base,
			);
			mainGroup = 8EFF4B3525C0923200B0216C;
			productRefGroup = 8EFF4B3F25C0923200B0216C /* Products */;
			projectDirPath = "";
			projectRoot = "";
			targets = (
				8EFF4B3D25C0923200B0216C /* MVVMCombine */,
			);
		};
/* End PBXProject section */

/* Begin PBXResourcesBuildPhase section */
		8EFF4B3C25C0923200B0216C /* Resources */ = {
			isa = PBXResourcesBuildPhase;
			buildActionMask = 2147483647;
			files = (
				8EFF4B4E25C0923500B0216C /* LaunchScreen.storyboard in Resources */,
				8EFF4B4B25C0923500B0216C /* Assets.xcassets in Resources */,
				8E2E447025CB362400CED2E6 /* CustomCell.xib in Resources */,
				8EFF4B4925C0923200B0216C /* Main.storyboard in Resources */,
			);
			runOnlyForDeploymentPostprocessing = 0;
		};
/* End PBXResourcesBuildPhase section */

/* Begin PBXSourcesBuildPhase section */
		8EFF4B3A25C0923200B0216C /* Sources */ = {
			isa = PBXSourcesBuildPhase;
			buildActionMask = 2147483647;
			files = (
				8E87EE7825C094FC00CE9603 /* APIManager.swift in Sources */,
				8EFF4B4625C0923200B0216C /* UsersViewController.swift in Sources */,
				8E2E448225CB635C00CED2E6 /* UserDetailsViewModel.swift in Sources */,
				8E2E447E25CB627800CED2E6 /* UserDetailViewController.swift in Sources */,
				8EFF4B4225C0923200B0216C /* AppDelegate.swift in Sources */,
				8EFF4B5D25C092B000B0216C /* UserModel.swift in Sources */,
				8EFF4B4425C0923200B0216C /* SceneDelegate.swift in Sources */,
				8E2E446F25CB362400CED2E6 /* CustomCell.swift in Sources */,
				8E87EE7425C0946400CE9603 /* UsersViewModel.swift in Sources */,
			);
			runOnlyForDeploymentPostprocessing = 0;
		};
/* End PBXSourcesBuildPhase section */

/* Begin PBXVariantGroup section */
		8EFF4B4725C0923200B0216C /* Main.storyboard */ = {
			isa = PBXVariantGroup;
			children = (
				8EFF4B4825C0923200B0216C /* Base */,
			);
			name = Main.storyboard;
			sourceTree = "<group>";
		};
		8EFF4B4C25C0923500B0216C /* LaunchScreen.storyboard */ = {
			isa = PBXVariantGroup;
			children = (
				8EFF4B4D25C0923500B0216C /* Base */,
			);
			name = LaunchScreen.storyboard;
			sourceTree = "<group>";
		};
/* End PBXVariantGroup section */

/* Begin XCBuildConfiguration section */
		8EFF4B5025C0923500B0216C /* Debug */ = {
			isa = XCBuildConfiguration;
			buildSettings = {
				ALWAYS_SEARCH_USER_PATHS = NO;
				CLANG_ANALYZER_NONNULL = YES;
				CLANG_ANALYZER_NUMBER_OBJECT_CONVERSION = YES_AGGRESSIVE;
				CLANG_CXX_LANGUAGE_STANDARD = "gnu++14";
				CLANG_CXX_LIBRARY = "libc++";
				CLANG_ENABLE_MODULES = YES;
				CLANG_ENABLE_OBJC_ARC = YES;
				CLANG_ENABLE_OBJC_WEAK = YES;
				CLANG_WARN_BLOCK_CAPTURE_AUTORELEASING = YES;
				CLANG_WARN_BOOL_CONVERSION = YES;
				CLANG_WARN_COMMA = YES;
				CLANG_WARN_CONSTANT_CONVERSION = YES;
				CLANG_WARN_DEPRECATED_OBJC_IMPLEMENTATIONS = YES;
				CLANG_WARN_DIRECT_OBJC_ISA_USAGE = YES_ERROR;
				CLANG_WARN_DOCUMENTATION_COMMENTS = YES;
				CLANG_WARN_EMPTY_BODY = YES;
				CLANG_WARN_ENUM_CONVERSION = YES;
				CLANG_WARN_INFINITE_RECURSION = YES;
				CLANG_WARN_INT_CONVERSION = YES;
				CLANG_WARN_NON_LITERAL_NULL_CONVERSION = YES;
				CLANG_WARN_OBJC_IMPLICIT_RETAIN_SELF = YES;
				CLANG_WARN_OBJC_LITERAL_CONVERSION = YES;
				CLANG_WARN_OBJC_ROOT_CLASS = YES_ERROR;
				CLANG_WARN_QUOTED_INCLUDE_IN_FRAMEWORK_HEADER = YES;
				CLANG_WARN_RANGE_LOOP_ANALYSIS = YES;
				CLANG_WARN_STRICT_PROTOTYPES = YES;
				CLANG_WARN_SUSPICIOUS_MOVE = YES;
				CLANG_WARN_UNGUARDED_AVAILABILITY = YES_AGGRESSIVE;
				CLANG_WARN_UNREACHABLE_CODE = YES;
				CLANG_WARN__DUPLICATE_METHOD_MATCH = YES;
				COPY_PHASE_STRIP = NO;
				DEBUG_INFORMATION_FORMAT = dwarf;
				ENABLE_STRICT_OBJC_MSGSEND = YES;
				ENABLE_TESTABILITY = YES;
				GCC_C_LANGUAGE_STANDARD = gnu11;
				GCC_DYNAMIC_NO_PIC = NO;
				GCC_NO_COMMON_BLOCKS = YES;
				GCC_OPTIMIZATION_LEVEL = 0;
				GCC_PREPROCESSOR_DEFINITIONS = (
					"DEBUG=1",
					"$(inherited)",
				);
				GCC_WARN_64_TO_32_BIT_CONVERSION = YES;
				GCC_WARN_ABOUT_RETURN_TYPE = YES_ERROR;
				GCC_WARN_UNDECLARED_SELECTOR = YES;
				GCC_WARN_UNINITIALIZED_AUTOS = YES_AGGRESSIVE;
				GCC_WARN_UNUSED_FUNCTION = YES;
				GCC_WARN_UNUSED_VARIABLE = YES;
				IPHONEOS_DEPLOYMENT_TARGET = 14.3;
				MTL_ENABLE_DEBUG_INFO = INCLUDE_SOURCE;
				MTL_FAST_MATH = YES;
				ONLY_ACTIVE_ARCH = YES;
				SDKROOT = iphoneos;
				SWIFT_ACTIVE_COMPILATION_CONDITIONS = DEBUG;
				SWIFT_OPTIMIZATION_LEVEL = "-Onone";
			};
			name = Debug;
		};
		8EFF4B5125C0923500B0216C /* Release */ = {
			isa = XCBuildConfiguration;
			buildSettings = {
				ALWAYS_SEARCH_USER_PATHS = NO;
				CLANG_ANALYZER_NONNULL = YES;
				CLANG_ANALYZER_NUMBER_OBJECT_CONVERSION = YES_AGGRESSIVE;
				CLANG_CXX_LANGUAGE_STANDARD = "gnu++14";
				CLANG_CXX_LIBRARY = "libc++";
				CLANG_ENABLE_MODULES = YES;
				CLANG_ENABLE_OBJC_ARC = YES;
				CLANG_ENABLE_OBJC_WEAK = YES;
				CLANG_WARN_BLOCK_CAPTURE_AUTORELEASING = YES;
				CLANG_WARN_BOOL_CONVERSION = YES;
				CLANG_WARN_COMMA = YES;
				CLANG_WARN_CONSTANT_CONVERSION = YES;
				CLANG_WARN_DEPRECATED_OBJC_IMPLEMENTATIONS = YES;
				CLANG_WARN_DIRECT_OBJC_ISA_USAGE = YES_ERROR;
				CLANG_WARN_DOCUMENTATION_COMMENTS = YES;
				CLANG_WARN_EMPTY_BODY = YES;
				CLANG_WARN_ENUM_CONVERSION = YES;
				CLANG_WARN_INFINITE_RECURSION = YES;
				CLANG_WARN_INT_CONVERSION = YES;
				CLANG_WARN_NON_LITERAL_NULL_CONVERSION = YES;
				CLANG_WARN_OBJC_IMPLICIT_RETAIN_SELF = YES;
				CLANG_WARN_OBJC_LITERAL_CONVERSION = YES;
				CLANG_WARN_OBJC_ROOT_CLASS = YES_ERROR;
				CLANG_WARN_QUOTED_INCLUDE_IN_FRAMEWORK_HEADER = YES;
				CLANG_WARN_RANGE_LOOP_ANALYSIS = YES;
				CLANG_WARN_STRICT_PROTOTYPES = YES;
				CLANG_WARN_SUSPICIOUS_MOVE = YES;
				CLANG_WARN_UNGUARDED_AVAILABILITY = YES_AGGRESSIVE;
				CLANG_WARN_UNREACHABLE_CODE = YES;
				CLANG_WARN__DUPLICATE_METHOD_MATCH = YES;
				COPY_PHASE_STRIP = NO;
				DEBUG_INFORMATION_FORMAT = "dwarf-with-dsym";
				ENABLE_NS_ASSERTIONS = NO;
				ENABLE_STRICT_OBJC_MSGSEND = YES;
				GCC_C_LANGUAGE_STANDARD = gnu11;
				GCC_NO_COMMON_BLOCKS = YES;
				GCC_WARN_64_TO_32_BIT_CONVERSION = YES;
				GCC_WARN_ABOUT_RETURN_TYPE = YES_ERROR;
				GCC_WARN_UNDECLARED_SELECTOR = YES;
				GCC_WARN_UNINITIALIZED_AUTOS = YES_AGGRESSIVE;
				GCC_WARN_UNUSED_FUNCTION = YES;
				GCC_WARN_UNUSED_VARIABLE = YES;
				IPHONEOS_DEPLOYMENT_TARGET = 14.3;
				MTL_ENABLE_DEBUG_INFO = NO;
				MTL_FAST_MATH = YES;
				SDKROOT = iphoneos;
				SWIFT_COMPILATION_MODE = wholemodule;
				SWIFT_OPTIMIZATION_LEVEL = "-O";
				VALIDATE_PRODUCT = YES;
			};
			name = Release;
		};
		8EFF4B5325C0923500B0216C /* Debug */ = {
			isa = XCBuildConfiguration;
			buildSettings = {
				ASSETCATALOG_COMPILER_APPICON_NAME = AppIcon;
				ASSETCATALOG_COMPILER_GLOBAL_ACCENT_COLOR_NAME = AccentColor;
				CODE_SIGN_STYLE = Automatic;
				DEVELOPMENT_TEAM = Z6247PH2JQ;
				INFOPLIST_FILE = MVVMCombine/Info.plist;
				LD_RUNPATH_SEARCH_PATHS = (
					"$(inherited)",
					"@executable_path/Frameworks",
				);
				PRODUCT_BUNDLE_IDENTIFIER = com.victor.tests.MVVMCombine;
				PRODUCT_NAME = "$(TARGET_NAME)";
				SWIFT_VERSION = 5.0;
				TARGETED_DEVICE_FAMILY = "1,2";
			};
			name = Debug;
		};
		8EFF4B5425C0923500B0216C /* Release */ = {
			isa = XCBuildConfiguration;
			buildSettings = {
				ASSETCATALOG_COMPILER_APPICON_NAME = AppIcon;
				ASSETCATALOG_COMPILER_GLOBAL_ACCENT_COLOR_NAME = AccentColor;
				CODE_SIGN_STYLE = Automatic;
				DEVELOPMENT_TEAM = Z6247PH2JQ;
				INFOPLIST_FILE = MVVMCombine/Info.plist;
				LD_RUNPATH_SEARCH_PATHS = (
					"$(inherited)",
					"@executable_path/Frameworks",
				);
				PRODUCT_BUNDLE_IDENTIFIER = com.victor.tests.MVVMCombine;
				PRODUCT_NAME = "$(TARGET_NAME)";
				SWIFT_VERSION = 5.0;
				TARGETED_DEVICE_FAMILY = "1,2";
			};
			name = Release;
		};
/* End XCBuildConfiguration section */

/* Begin XCConfigurationList section */
		8EFF4B3925C0923200B0216C /* Build configuration list for PBXProject "MVVMCombine" */ = {
			isa = XCConfigurationList;
			buildConfigurations = (
				8EFF4B5025C0923500B0216C /* Debug */,
				8EFF4B5125C0923500B0216C /* Release */,
			);
			defaultConfigurationIsVisible = 0;
			defaultConfigurationName = Release;
		};
		8EFF4B5225C0923500B0216C /* Build configuration list for PBXNativeTarget "MVVMCombine" */ = {
			isa = XCConfigurationList;
			buildConfigurations = (
				8EFF4B5325C0923500B0216C /* Debug */,
				8EFF4B5425C0923500B0216C /* Release */,
			);
			defaultConfigurationIsVisible = 0;
			defaultConfigurationName = Release;
		};
/* End XCConfigurationList section */
	};
	rootObject = 8EFF4B3625C0923200B0216C /* Project object */;
}
